// !$*UTF8*$!
{
	archiveVersion = 1;
	classes = {
	};
	objectVersion = 48;
	objects = {

/* Begin PBXBuildFile section */
		67FEC1E21FBBB6AD004349F7 /* AppDelegate.swift in Sources */ = {isa = PBXBuildFile; fileRef = 67FEC1E11FBBB6AD004349F7 /* AppDelegate.swift */; };
		67FEC1E41FBBB6AD004349F7 /* ViewController.swift in Sources */ = {isa = PBXBuildFile; fileRef = 67FEC1E31FBBB6AD004349F7 /* ViewController.swift */; };
		67FEC1E71FBBB6AD004349F7 /* Main.storyboard in Resources */ = {isa = PBXBuildFile; fileRef = 67FEC1E51FBBB6AD004349F7 /* Main.storyboard */; };
		67FEC1E91FBBB6AD004349F7 /* Assets.xcassets in Resources */ = {isa = PBXBuildFile; fileRef = 67FEC1E81FBBB6AD004349F7 /* Assets.xcassets */; };
		67FEC1EC1FBBB6AD004349F7 /* LaunchScreen.storyboard in Resources */ = {isa = PBXBuildFile; fileRef = 67FEC1EA1FBBB6AD004349F7 /* LaunchScreen.storyboard */; };
		67FEC1F71FBBB6AD004349F7 /* PassDataUsingDelegateTests.swift in Sources */ = {isa = PBXBuildFile; fileRef = 67FEC1F61FBBB6AD004349F7 /* PassDataUsingDelegateTests.swift */; };
		67FEC2021FBBB7F4004349F7 /* ViewController2.swift in Sources */ = {isa = PBXBuildFile; fileRef = 67FEC2011FBBB7F4004349F7 /* ViewController2.swift */; };
/* End PBXBuildFile section */

/* Begin PBXContainerItemProxy section */
		67FEC1F31FBBB6AD004349F7 /* PBXContainerItemProxy */ = {
			isa = PBXContainerItemProxy;
			containerPortal = 67FEC1D61FBBB6AD004349F7 /* Project object */;
			proxyType = 1;
			remoteGlobalIDString = 67FEC1DD1FBBB6AD004349F7;
			remoteInfo = PassDataUsingDelegate;
		};
/* End PBXContainerItemProxy section */

/* Begin PBXFileReference section */
		67FEC1DE1FBBB6AD004349F7 /* PassDataUsingDelegate.app */ = {isa = PBXFileReference; explicitFileType = wrapper.application; includeInIndex = 0; path = PassDataUsingDelegate.app; sourceTree = BUILT_PRODUCTS_DIR; };
		67FEC1E11FBBB6AD004349F7 /* AppDelegate.swift */ = {isa = PBXFileReference; lastKnownFileType = sourcecode.swift; path = AppDelegate.swift; sourceTree = "<group>"; };
		67FEC1E31FBBB6AD004349F7 /* ViewController.swift */ = {isa = PBXFileReference; lastKnownFileType = sourcecode.swift; path = ViewController.swift; sourceTree = "<group>"; };
		67FEC1E61FBBB6AD004349F7 /* Base */ = {isa = PBXFileReference; lastKnownFileType = file.storyboard; name = Base; path = Base.lproj/Main.storyboard; sourceTree = "<group>"; };
		67FEC1E81FBBB6AD004349F7 /* Assets.xcassets */ = {isa = PBXFileReference; lastKnownFileType = folder.assetcatalog; path = Assets.xcassets; sourceTree = "<group>"; };
		67FEC1EB1FBBB6AD004349F7 /* Base */ = {isa = PBXFileReference; lastKnownFileType = file.storyboard; name = Base; path = Base.lproj/LaunchScreen.storyboard; sourceTree = "<group>"; };
		67FEC1ED1FBBB6AD004349F7 /* Info.plist */ = {isa = PBXFileReference; lastKnownFileType = text.plist.xml; path = Info.plist; sourceTree = "<group>"; };
		67FEC1F21FBBB6AD004349F7 /* PassDataUsingDelegateTests.xctest */ = {isa = PBXFileReference; explicitFileType = wrapper.cfbundle; includeInIndex = 0; path = PassDataUsingDelegateTests.xctest; sourceTree = BUILT_PRODUCTS_DIR; };
		67FEC1F61FBBB6AD004349F7 /* PassDataUsingDelegateTests.swift */ = {isa = PBXFileReference; lastKnownFileType = sourcecode.swift; path = PassDataUsingDelegateTests.swift; sourceTree = "<group>"; };
		67FEC1F81FBBB6AD004349F7 /* Info.plist */ = {isa = PBXFileReference; lastKnownFileType = text.plist.xml; path = Info.plist; sourceTree = "<group>"; };
		67FEC2011FBBB7F4004349F7 /* ViewController2.swift */ = {isa = PBXFileReference; lastKnownFileType = sourcecode.swift; path = ViewController2.swift; sourceTree = "<group>"; };
/* End PBXFileReference section */

/* Begin PBXFrameworksBuildPhase section */
		67FEC1DB1FBBB6AD004349F7 /* Frameworks */ = {
			isa = PBXFrameworksBuildPhase;
			buildActionMask = 2147483647;
			files = (
			);
			runOnlyForDeploymentPostprocessing = 0;
		};
		67FEC1EF1FBBB6AD004349F7 /* Frameworks */ = {
			isa = PBXFrameworksBuildPhase;
			buildActionMask = 2147483647;
			files = (
			);
			runOnlyForDeploymentPostprocessing = 0;
		};
/* End PBXFrameworksBuildPhase section */

/* Begin PBXGroup section */
		67FEC1D51FBBB6AD004349F7 = {
			isa = PBXGroup;
			children = (
				67FEC1E01FBBB6AD004349F7 /* PassDataUsingDelegate */,
				67FEC1F51FBBB6AD004349F7 /* PassDataUsingDelegateTests */,
				67FEC1DF1FBBB6AD004349F7 /* Products */,
			);
			sourceTree = "<group>";
		};
		67FEC1DF1FBBB6AD004349F7 /* Products */ = {
			isa = PBXGroup;
			children = (
				67FEC1DE1FBBB6AD004349F7 /* PassDataUsingDelegate.app */,
				67FEC1F21FBBB6AD004349F7 /* PassDataUsingDelegateTests.xctest */,
			);
			name = Products;
			sourceTree = "<group>";
		};
		67FEC1E01FBBB6AD004349F7 /* PassDataUsingDelegate */ = {
			isa = PBXGroup;
			children = (
				67FEC1E11FBBB6AD004349F7 /* AppDelegate.swift */,
				67FEC1E31FBBB6AD004349F7 /* ViewController.swift */,
				67FEC2011FBBB7F4004349F7 /* ViewController2.swift */,
				67FEC1E51FBBB6AD004349F7 /* Main.storyboard */,
				67FEC1E81FBBB6AD004349F7 /* Assets.xcassets */,
				67FEC1EA1FBBB6AD004349F7 /* LaunchScreen.storyboard */,
				67FEC1ED1FBBB6AD004349F7 /* Info.plist */,
			);
			path = PassDataUsingDelegate;
			sourceTree = "<group>";
		};
		67FEC1F51FBBB6AD004349F7 /* PassDataUsingDelegateTests */ = {
			isa = PBXGroup;
			children = (
				67FEC1F61FBBB6AD004349F7 /* PassDataUsingDelegateTests.swift */,
				67FEC1F81FBBB6AD004349F7 /* Info.plist */,
			);
			path = PassDataUsingDelegateTests;
			sourceTree = "<group>";
		};
/* End PBXGroup section */

/* Begin PBXNativeTarget section */
		67FEC1DD1FBBB6AD004349F7 /* PassDataUsingDelegate */ = {
			isa = PBXNativeTarget;
			buildConfigurationList = 67FEC1FB1FBBB6AD004349F7 /* Build configuration list for PBXNativeTarget "PassDataUsingDelegate" */;
			buildPhases = (
				67FEC1DA1FBBB6AD004349F7 /* Sources */,
				67FEC1DB1FBBB6AD004349F7 /* Frameworks */,
				67FEC1DC1FBBB6AD004349F7 /* Resources */,
			);
			buildRules = (
			);
			dependencies = (
			);
			name = PassDataUsingDelegate;
			productName = PassDataUsingDelegate;
			productReference = 67FEC1DE1FBBB6AD004349F7 /* PassDataUsingDelegate.app */;
			productType = "com.apple.product-type.application";
		};
		67FEC1F11FBBB6AD004349F7 /* PassDataUsingDelegateTests */ = {
			isa = PBXNativeTarget;
			buildConfigurationList = 67FEC1FE1FBBB6AD004349F7 /* Build configuration list for PBXNativeTarget "PassDataUsingDelegateTests" */;
			buildPhases = (
				67FEC1EE1FBBB6AD004349F7 /* Sources */,
				67FEC1EF1FBBB6AD004349F7 /* Frameworks */,
				67FEC1F01FBBB6AD004349F7 /* Resources */,
			);
			buildRules = (
			);
			dependencies = (
				67FEC1F41FBBB6AD004349F7 /* PBXTargetDependency */,
			);
			name = PassDataUsingDelegateTests;
			productName = PassDataUsingDelegateTests;
			productReference = 67FEC1F21FBBB6AD004349F7 /* PassDataUsingDelegateTests.xctest */;
			productType = "com.apple.product-type.bundle.unit-test";
		};
/* End PBXNativeTarget section */

/* Begin PBXProject section */
		67FEC1D61FBBB6AD004349F7 /* Project object */ = {
			isa = PBXProject;
			attributes = {
				LastSwiftUpdateCheck = 0900;
				LastUpgradeCheck = 0900;
				ORGANIZATIONNAME = Cuong15tr;
				TargetAttributes = {
					67FEC1DD1FBBB6AD004349F7 = {
						CreatedOnToolsVersion = 9.0;
						ProvisioningStyle = Automatic;
					};
					67FEC1F11FBBB6AD004349F7 = {
						CreatedOnToolsVersion = 9.0;
						ProvisioningStyle = Automatic;
						TestTargetID = 67FEC1DD1FBBB6AD004349F7;
					};
				};
			};
			buildConfigurationList = 67FEC1D91FBBB6AD004349F7 /* Build configuration list for PBXProject "PassDataUsingDelegate" */;
			compatibilityVersion = "Xcode 8.0";
			developmentRegion = en;
			hasScannedForEncodings = 0;
			knownRegions = (
				en,
				Base,
			);
			mainGroup = 67FEC1D51FBBB6AD004349F7;
			productRefGroup = 67FEC1DF1FBBB6AD004349F7 /* Products */;
			projectDirPath = "";
			projectRoot = "";
			targets = (
				67FEC1DD1FBBB6AD004349F7 /* PassDataUsingDelegate */,
				67FEC1F11FBBB6AD004349F7 /* PassDataUsingDelegateTests */,
			);
		};
/* End PBXProject section */

/* Begin PBXResourcesBuildPhase section */
		67FEC1DC1FBBB6AD004349F7 /* Resources */ = {
			isa = PBXResourcesBuildPhase;
			buildActionMask = 2147483647;
			files = (
				67FEC1EC1FBBB6AD004349F7 /* LaunchScreen.storyboard in Resources */,
				67FEC1E91FBBB6AD004349F7 /* Assets.xcassets in Resources */,
				67FEC1E71FBBB6AD004349F7 /* Main.storyboard in Resources */,
			);
			runOnlyForDeploymentPostprocessing = 0;
		};
		67FEC1F01FBBB6AD004349F7 /* Resources */ = {
			isa = PBXResourcesBuildPhase;
			buildActionMask = 2147483647;
			files = (
			);
			runOnlyForDeploymentPostprocessing = 0;
		};
/* End PBXResourcesBuildPhase section */

/* Begin PBXSourcesBuildPhase section */
		67FEC1DA1FBBB6AD004349F7 /* Sources */ = {
			isa = PBXSourcesBuildPhase;
			buildActionMask = 2147483647;
			files = (
				67FEC1E41FBBB6AD004349F7 /* ViewController.swift in Sources */,
				67FEC1E21FBBB6AD004349F7 /* AppDelegate.swift in Sources */,
				67FEC2021FBBB7F4004349F7 /* ViewController2.swift in Sources */,
			);
			runOnlyForDeploymentPostprocessing = 0;
		};
		67FEC1EE1FBBB6AD004349F7 /* Sources */ = {
			isa = PBXSourcesBuildPhase;
			buildActionMask = 2147483647;
			files = (
				67FEC1F71FBBB6AD004349F7 /* PassDataUsingDelegateTests.swift in Sources */,
			);
			runOnlyForDeploymentPostprocessing = 0;
		};
/* End PBXSourcesBuildPhase section */

/* Begin PBXTargetDependency section */
		67FEC1F41FBBB6AD004349F7 /* PBXTargetDependency */ = {
			isa = PBXTargetDependency;
			target = 67FEC1DD1FBBB6AD004349F7 /* PassDataUsingDelegate */;
			targetProxy = 67FEC1F31FBBB6AD004349F7 /* PBXContainerItemProxy */;
		};
/* End PBXTargetDependency section */

/* Begin PBXVariantGroup section */
		67FEC1E51FBBB6AD004349F7 /* Main.storyboard */ = {
			isa = PBXVariantGroup;
			children = (
				67FEC1E61FBBB6AD004349F7 /* Base */,
			);
			name = Main.storyboard;
			sourceTree = "<group>";
		};
		67FEC1EA1FBBB6AD004349F7 /* LaunchScreen.storyboard */ = {
			isa = PBXVariantGroup;
			children = (
				67FEC1EB1FBBB6AD004349F7 /* Base */,
			);
			name = LaunchScreen.storyboard;
			sourceTree = "<group>";
		};
/* End PBXVariantGroup section */

/* Begin XCBuildConfiguration section */
		67FEC1F91FBBB6AD004349F7 /* Debug */ = {
			isa = XCBuildConfiguration;
			buildSettings = {
				ALWAYS_SEARCH_USER_PATHS = NO;
				CLANG_ANALYZER_NONNULL = YES;
				CLANG_ANALYZER_NUMBER_OBJECT_CONVERSION = YES_AGGRESSIVE;
				CLANG_CXX_LANGUAGE_STANDARD = "gnu++14";
				CLANG_CXX_LIBRARY = "libc++";
				CLANG_ENABLE_MODULES = YES;
				CLANG_ENABLE_OBJC_ARC = YES;
				CLANG_WARN_BLOCK_CAPTURE_AUTORELEASING = YES;
				CLANG_WARN_BOOL_CONVERSION = YES;
				CLANG_WARN_COMMA = YES;
				CLANG_WARN_CONSTANT_CONVERSION = YES;
				CLANG_WARN_DIRECT_OBJC_ISA_USAGE = YES_ERROR;
				CLANG_WARN_DOCUMENTATION_COMMENTS = YES;
				CLANG_WARN_EMPTY_BODY = YES;
				CLANG_WARN_ENUM_CONVERSION = YES;
				CLANG_WARN_INFINITE_RECURSION = YES;
				CLANG_WARN_INT_CONVERSION = YES;
				CLANG_WARN_NON_LITERAL_NULL_CONVERSION = YES;
				CLANG_WARN_OBJC_LITERAL_CONVERSION = YES;
				CLANG_WARN_OBJC_ROOT_CLASS = YES_ERROR;
				CLANG_WARN_RANGE_LOOP_ANALYSIS = YES;
				CLANG_WARN_STRICT_PROTOTYPES = YES;
				CLANG_WARN_SUSPICIOUS_MOVE = YES;
				CLANG_WARN_UNGUARDED_AVAILABILITY = YES_AGGRESSIVE;
				CLANG_WARN_UNREACHABLE_CODE = YES;
				CLANG_WARN__DUPLICATE_METHOD_MATCH = YES;
				CODE_SIGN_IDENTITY = "iPhone Developer";
				COPY_PHASE_STRIP = NO;
				DEBUG_INFORMATION_FORMAT = dwarf;
				ENABLE_STRICT_OBJC_MSGSEND = YES;
				ENABLE_TESTABILITY = YES;
				GCC_C_LANGUAGE_STANDARD = gnu11;
				GCC_DYNAMIC_NO_PIC = NO;
				GCC_NO_COMMON_BLOCKS = YES;
				GCC_OPTIMIZATION_LEVEL = 0;
				GCC_PREPROCESSOR_DEFINITIONS = (
					"DEBUG=1",
					"$(inherited)",
				);
				GCC_WARN_64_TO_32_BIT_CONVERSION = YES;
				GCC_WARN_ABOUT_RETURN_TYPE = YES_ERROR;
				GCC_WARN_UNDECLARED_SELECTOR = YES;
				GCC_WARN_UNINITIALIZED_AUTOS = YES_AGGRESSIVE;
				GCC_WARN_UNUSED_FUNCTION = YES;
				GCC_WARN_UNUSED_VARIABLE = YES;
				IPHONEOS_DEPLOYMENT_TARGET = 11.0;
				MTL_ENABLE_DEBUG_INFO = YES;
				ONLY_ACTIVE_ARCH = YES;
				SDKROOT = iphoneos;
				SWIFT_ACTIVE_COMPILATION_CONDITIONS = DEBUG;
				SWIFT_OPTIMIZATION_LEVEL = "-Onone";
			};
			name = Debug;
		};
		67FEC1FA1FBBB6AD004349F7 /* Release */ = {
			isa = XCBuildConfiguration;
			buildSettings = {
				ALWAYS_SEARCH_USER_PATHS = NO;
				CLANG_ANALYZER_NONNULL = YES;
				CLANG_ANALYZER_NUMBER_OBJECT_CONVERSION = YES_AGGRESSIVE;
				CLANG_CXX_LANGUAGE_STANDARD = "gnu++14";
				CLANG_CXX_LIBRARY = "libc++";
				CLANG_ENABLE_MODULES = YES;
				CLANG_ENABLE_OBJC_ARC = YES;
				CLANG_WARN_BLOCK_CAPTURE_AUTORELEASING = YES;
				CLANG_WARN_BOOL_CONVERSION = YES;
				CLANG_WARN_COMMA = YES;
				CLANG_WARN_CONSTANT_CONVERSION = YES;
				CLANG_WARN_DIRECT_OBJC_ISA_USAGE = YES_ERROR;
				CLANG_WARN_DOCUMENTATION_COMMENTS = YES;
				CLANG_WARN_EMPTY_BODY = YES;
				CLANG_WARN_ENUM_CONVERSION = YES;
				CLANG_WARN_INFINITE_RECURSION = YES;
				CLANG_WARN_INT_CONVERSION = YES;
				CLANG_WARN_NON_LITERAL_NULL_CONVERSION = YES;
				CLANG_WARN_OBJC_LITERAL_CONVERSION = YES;
				CLANG_WARN_OBJC_ROOT_CLASS = YES_ERROR;
				CLANG_WARN_RANGE_LOOP_ANALYSIS = YES;
				CLANG_WARN_STRICT_PROTOTYPES = YES;
				CLANG_WARN_SUSPICIOUS_MOVE = YES;
				CLANG_WARN_UNGUARDED_AVAILABILITY = YES_AGGRESSIVE;
				CLANG_WARN_UNREACHABLE_CODE = YES;
				CLANG_WARN__DUPLICATE_METHOD_MATCH = YES;
				CODE_SIGN_IDENTITY = "iPhone Developer";
				COPY_PHASE_STRIP = NO;
				DEBUG_INFORMATION_FORMAT = "dwarf-with-dsym";
				ENABLE_NS_ASSERTIONS = NO;
				ENABLE_STRICT_OBJC_MSGSEND = YES;
				GCC_C_LANGUAGE_STANDARD = gnu11;
				GCC_NO_COMMON_BLOCKS = YES;
				GCC_WARN_64_TO_32_BIT_CONVERSION = YES;
				GCC_WARN_ABOUT_RETURN_TYPE = YES_ERROR;
				GCC_WARN_UNDECLARED_SELECTOR = YES;
				GCC_WARN_UNINITIALIZED_AUTOS = YES_AGGRESSIVE;
				GCC_WARN_UNUSED_FUNCTION = YES;
				GCC_WARN_UNUSED_VARIABLE = YES;
				IPHONEOS_DEPLOYMENT_TARGET = 11.0;
				MTL_ENABLE_DEBUG_INFO = NO;
				SDKROOT = iphoneos;
				SWIFT_OPTIMIZATION_LEVEL = "-Owholemodule";
				VALIDATE_PRODUCT = YES;
			};
			name = Release;
		};
		67FEC1FC1FBBB6AD004349F7 /* Debug */ = {
			isa = XCBuildConfiguration;
			buildSettings = {
				ASSETCATALOG_COMPILER_APPICON_NAME = AppIcon;
				CODE_SIGN_STYLE = Automatic;
				INFOPLIST_FILE = PassDataUsingDelegate/Info.plist;
				LD_RUNPATH_SEARCH_PATHS = "$(inherited) @executable_path/Frameworks";
				PRODUCT_BUNDLE_IDENTIFIER = com.example.PassDataUsingDelegate;
				PRODUCT_NAME = "$(TARGET_NAME)";
				SWIFT_VERSION = 4.0;
				TARGETED_DEVICE_FAMILY = "1,2";
			};
			name = Debug;
		};
		67FEC1FD1FBBB6AD004349F7 /* Release */ = {
			isa = XCBuildConfiguration;
			buildSettings = {
				ASSETCATALOG_COMPILER_APPICON_NAME = AppIcon;
				CODE_SIGN_STYLE = Automatic;
				INFOPLIST_FILE = PassDataUsingDelegate/Info.plist;
				LD_RUNPATH_SEARCH_PATHS = "$(inherited) @executable_path/Frameworks";
				PRODUCT_BUNDLE_IDENTIFIER = com.example.PassDataUsingDelegate;
				PRODUCT_NAME = "$(TARGET_NAME)";
				SWIFT_VERSION = 4.0;
				TARGETED_DEVICE_FAMILY = "1,2";
			};
			name = Release;
		};
		67FEC1FF1FBBB6AD004349F7 /* Debug */ = {
			isa = XCBuildConfiguration;
			buildSettings = {
				ALWAYS_EMBED_SWIFT_STANDARD_LIBRARIES = YES;
				BUNDLE_LOADER = "$(TEST_HOST)";
				CODE_SIGN_STYLE = Automatic;
				INFOPLIST_FILE = PassDataUsingDelegateTests/Info.plist;
				LD_RUNPATH_SEARCH_PATHS = "$(inherited) @executable_path/Frameworks @loader_path/Frameworks";
				PRODUCT_BUNDLE_IDENTIFIER = com.example.PassDataUsingDelegateTests;
				PRODUCT_NAME = "$(TARGET_NAME)";
				SWIFT_VERSION = 4.0;
				TARGETED_DEVICE_FAMILY = "1,2";
				TEST_HOST = "$(BUILT_PRODUCTS_DIR)/PassDataUsingDelegate.app/PassDataUsingDelegate";
			};
			name = Debug;
		};
		67FEC2001FBBB6AD004349F7 /* Release */ = {
			isa = XCBuildConfiguration;
			buildSettings = {
				ALWAYS_EMBED_SWIFT_STANDARD_LIBRARIES = YES;
				BUNDLE_LOADER = "$(TEST_HOST)";
				CODE_SIGN_STYLE = Automatic;
				INFOPLIST_FILE = PassDataUsingDelegateTests/Info.plist;
				LD_RUNPATH_SEARCH_PATHS = "$(inherited) @executable_path/Frameworks @loader_path/Frameworks";
				PRODUCT_BUNDLE_IDENTIFIER = com.example.PassDataUsingDelegateTests;
				PRODUCT_NAME = "$(TARGET_NAME)";
				SWIFT_VERSION = 4.0;
				TARGETED_DEVICE_FAMILY = "1,2";
				TEST_HOST = "$(BUILT_PRODUCTS_DIR)/PassDataUsingDelegate.app/PassDataUsingDelegate";
			};
			name = Release;
		};
/* End XCBuildConfiguration section */

/* Begin XCConfigurationList section */
		67FEC1D91FBBB6AD004349F7 /* Build configuration list for PBXProject "PassDataUsingDelegate" */ = {
			isa = XCConfigurationList;
			buildConfigurations = (
				67FEC1F91FBBB6AD004349F7 /* Debug */,
				67FEC1FA1FBBB6AD004349F7 /* Release */,
			);
			defaultConfigurationIsVisible = 0;
			defaultConfigurationName = Release;
		};
		67FEC1FB1FBBB6AD004349F7 /* Build configuration list for PBXNativeTarget "PassDataUsingDelegate" */ = {
			isa = XCConfigurationList;
			buildConfigurations = (
				67FEC1FC1FBBB6AD004349F7 /* Debug */,
				67FEC1FD1FBBB6AD004349F7 /* Release */,
			);
			defaultConfigurationIsVisible = 0;
			defaultConfigurationName = Release;
		};
		67FEC1FE1FBBB6AD004349F7 /* Build configuration list for PBXNativeTarget "PassDataUsingDelegateTests" */ = {
			isa = XCConfigurationList;
			buildConfigurations = (
				67FEC1FF1FBBB6AD004349F7 /* Debug */,
				67FEC2001FBBB6AD004349F7 /* Release */,
			);
			defaultConfigurationIsVisible = 0;
			defaultConfigurationName = Release;
		};
/* End XCConfigurationList section */
	};
	rootObject = 67FEC1D61FBBB6AD004349F7 /* Project object */;
}
